{
  "nodes": {
    "flake-utils": {
      "inputs": {
        "systems": "systems"
      },
      "locked": {
        "lastModified": 1731533236,
        "narHash": "sha256-l0KFg5HjrsfsO/JpG+r7fRrqm12kzFHyUHqHCVpMMbI=",
        "owner": "numtide",
        "repo": "flake-utils",
        "rev": "11707dc2f618dd54ca8739b309ec4fc024de578b",
        "type": "github"
      },
      "original": {
        "owner": "numtide",
        "repo": "flake-utils",
        "type": "github"
      }
    },
    "kernel-firecracker": {
      "flake": false,
      "locked": {
        "lastModified": 1768905595,
        "narHash": "sha256-rDDprs/A2SOcB9tT/nhfmscWwciObgKG96RGPJWArPM=",
        "owner": "bjackman",
        "repo": "linux",
        "rev": "b788a9872e925a9889671a44666d0381f5c65708",
        "type": "github"
      },
      "original": {
        "owner": "bjackman",
        "ref": "firecracker-host-2",
        "repo": "linux",
        "type": "github"
      }
    },
    "kernel-firecracker-ephmap": {
      "flake": false,
      "locked": {
        "lastModified": 1762962386,
        "narHash": "sha256-Gpox9uVbqCrQlc7pLR2eAHYDP27GNWbAdbfVQ/Xs/fU=",
        "owner": "bjackman",
        "repo": "linux",
        "rev": "372fea527fa8ec10447de3a73ff1d947aac0dcca",
        "type": "github"
      },
      "original": {
        "owner": "bjackman",
        "ref": "firecracker-host+ephmap",
        "repo": "linux",
        "type": "github"
      }
    },
    "nixpkgs": {
      "locked": {
        "lastModified": 1768773494,
        "narHash": "sha256-XsM7GP3jHlephymxhDE+/TKKO1Q16phz/vQiLBGhpF4=",
        "owner": "nixos",
        "repo": "nixpkgs",
        "rev": "77ef7a29d276c6d8303aece3444d61118ef71ac2",
        "type": "github"
      },
      "original": {
        "owner": "nixos",
        "ref": "nixos-25.11",
        "repo": "nixpkgs",
        "type": "github"
      }
    },
    "nixpkgs-unstable": {
      "locked": {
        "lastModified": 1768564909,
        "narHash": "sha256-Kell/SpJYVkHWMvnhqJz/8DqQg2b6PguxVWOuadbHCc=",
        "owner": "nixos",
        "repo": "nixpkgs",
        "rev": "e4bae1bd10c9c57b2cf517953ab70060a828ee6f",
        "type": "github"
      },
      "original": {
        "owner": "nixos",
        "ref": "nixos-unstable",
        "repo": "nixpkgs",
        "type": "github"
      }
    },
    "root": {
      "inputs": {
        "flake-utils": "flake-utils",
        "kernel-firecracker": "kernel-firecracker",
        "kernel-firecracker-ephmap": "kernel-firecracker-ephmap",
        "nixpkgs": "nixpkgs",
        "nixpkgs-unstable": "nixpkgs-unstable"
      }
    },
    "systems": {
      "locked": {
        "lastModified": 1681028828,
        "narHash": "sha256-Vy1rq5AaRuLzOxct8nz4T6wlgyUR7zLU309k9mBC768=",
        "owner": "nix-systems",
        "repo": "default",
        "rev": "da67096a3b9bf56a91d16901293e51ba5b49a27e",
        "type": "github"
      },
      "original": {
        "owner": "nix-systems",
        "repo": "default",
        "type": "github"
      }
    }
  },
  "root": "root",
  "version": 7
}
