{
  "nodes": {
    "falba": {
      "inputs": {
        "flake-utils": "flake-utils_2",
        "limmat": "limmat",
        "nixpkgs": [
          "kernel-benchmarks-nix",
          "nixpkgs"
        ]
      },
      "locked": {
        "lastModified": 1769167438,
        "narHash": "sha256-hCzIawCHB2ZKkDAqELv42fshee9CiY/eoci+E5tuSP4=",
        "owner": "bjackman",
        "repo": "falba",
        "rev": "e5337e9c1f7f7828628c83364c5a39c9e1201b81",
        "type": "github"
      },
      "original": {
        "owner": "bjackman",
        "repo": "falba",
        "type": "github"
      }
    },
    "fenix": {
      "inputs": {
        "nixpkgs": [
          "kernel-benchmarks-nix",
          "falba",
          "limmat",
          "naersk",
          "nixpkgs"
        ],
        "rust-analyzer-src": "rust-analyzer-src"
      },
      "locked": {
        "lastModified": 1752475459,
        "narHash": "sha256-z6QEu4ZFuHiqdOPbYss4/Q8B0BFhacR8ts6jO/F/aOU=",
        "owner": "nix-community",
        "repo": "fenix",
        "rev": "bf0d6f70f4c9a9cf8845f992105652173f4b617f",
        "type": "github"
      },
      "original": {
        "owner": "nix-community",
        "repo": "fenix",
        "type": "github"
      }
    },
    "firecracker": {
      "flake": false,
      "locked": {
        "lastModified": 1768827174,
        "narHash": "sha256-qUlkRmGP9vbuQQuHv+fpby3hcJdrYyQjIinzMXMfocM=",
        "owner": "firecracker-microvm",
        "repo": "firecracker",
        "rev": "d043dc54b7326350b1c9b715cf784b06f5547d7f",
        "type": "github"
      },
      "original": {
        "owner": "firecracker-microvm",
        "repo": "firecracker",
        "rev": "d043dc54b7326350b1c9b715cf784b06f5547d7f",
        "type": "github"
      }
    },
    "flake-utils": {
      "inputs": {
        "systems": "systems"
      },
      "locked": {
        "lastModified": 1731533236,
        "narHash": "sha256-l0KFg5HjrsfsO/JpG+r7fRrqm12kzFHyUHqHCVpMMbI=",
        "owner": "numtide",
        "repo": "flake-utils",
        "rev": "11707dc2f618dd54ca8739b309ec4fc024de578b",
        "type": "github"
      },
      "original": {
        "owner": "numtide",
        "repo": "flake-utils",
        "type": "github"
      }
    },
    "flake-utils_2": {
      "inputs": {
        "systems": "systems_2"
      },
      "locked": {
        "lastModified": 1731533236,
        "narHash": "sha256-l0KFg5HjrsfsO/JpG+r7fRrqm12kzFHyUHqHCVpMMbI=",
        "owner": "numtide",
        "repo": "flake-utils",
        "rev": "11707dc2f618dd54ca8739b309ec4fc024de578b",
        "type": "github"
      },
      "original": {
        "owner": "numtide",
        "repo": "flake-utils",
        "type": "github"
      }
    },
    "flake-utils_3": {
      "inputs": {
        "systems": "systems_3"
      },
      "locked": {
        "lastModified": 1731533236,
        "narHash": "sha256-l0KFg5HjrsfsO/JpG+r7fRrqm12kzFHyUHqHCVpMMbI=",
        "owner": "numtide",
        "repo": "flake-utils",
        "rev": "11707dc2f618dd54ca8739b309ec4fc024de578b",
        "type": "github"
      },
      "original": {
        "owner": "numtide",
        "repo": "flake-utils",
        "type": "github"
      }
    },
    "kernel-benchmarks-nix": {
      "inputs": {
        "falba": "falba",
        "firecracker": "firecracker",
        "nixpkgs": [
          "nixpkgs"
        ]
      },
      "locked": {
        "lastModified": 1769695195,
        "narHash": "sha256-6L+bxS7yDIRmYDPdueZp9pXtUYB4rctZn0YKyvjkJ0w=",
        "owner": "bjackman",
        "repo": "kernel-benchmarks-nix",
        "rev": "53a10284bc45e7a3430141863e936fd57961822c",
        "type": "github"
      },
      "original": {
        "owner": "bjackman",
        "ref": "v2",
        "repo": "kernel-benchmarks-nix",
        "type": "github"
      }
    },
    "kernel-firecracker": {
      "flake": false,
      "locked": {
        "lastModified": 1769791279,
        "narHash": "sha256-RtvloZfji2eca2KRW3a6U6f1CYhtDHTvIK0RrBgPE10=",
        "owner": "bjackman",
        "repo": "linux",
        "rev": "ad59cd7f15b4f838e9ccbe63da1e29b8de0cb909",
        "type": "github"
      },
      "original": {
        "owner": "bjackman",
        "ref": "firecracker-host-4",
        "repo": "linux",
        "type": "github"
      }
    },
    "kernel-gfp_unmapped": {
      "flake": false,
      "locked": {
        "lastModified": 1770731205,
        "narHash": "sha256-S4ZxVrw1IKmTvhAGcjv6i/z7QrHV0d3Gd22Vn7k08vY=",
        "owner": "bjackman",
        "repo": "linux",
        "rev": "ca28603be889dbfe920f1115e4c07079368ad6a2",
        "type": "github"
      },
      "original": {
        "owner": "bjackman",
        "ref": "firecracker-host-4+page_alloc-unmapped",
        "repo": "linux",
        "type": "github"
      }
    },
    "limmat": {
      "inputs": {
        "flake-utils": "flake-utils_3",
        "naersk": "naersk",
        "nixpkgs": [
          "kernel-benchmarks-nix",
          "falba",
          "nixpkgs"
        ]
      },
      "locked": {
        "lastModified": 1768225043,
        "narHash": "sha256-YQF4P22vEVt59Mf1U7s6IKOI+B+HfUW2WWEHessAtbk=",
        "owner": "bjackman",
        "repo": "limmat",
        "rev": "0183e96bb7ae7e6f91a121a2894117c665380edb",
        "type": "github"
      },
      "original": {
        "owner": "bjackman",
        "repo": "limmat",
        "type": "github"
      }
    },
    "naersk": {
      "inputs": {
        "fenix": "fenix",
        "nixpkgs": [
          "kernel-benchmarks-nix",
          "falba",
          "limmat",
          "nixpkgs"
        ]
      },
      "locked": {
        "lastModified": 1763384566,
        "narHash": "sha256-r+wgI+WvNaSdxQmqaM58lVNvJYJ16zoq+tKN20cLst4=",
        "owner": "nix-community",
        "repo": "naersk",
        "rev": "d4155d6ebb70fbe2314959842f744aa7cabbbf6a",
        "type": "github"
      },
      "original": {
        "owner": "nix-community",
        "repo": "naersk",
        "type": "github"
      }
    },
    "nixpkgs": {
      "locked": {
        "lastModified": 1769318308,
        "narHash": "sha256-Mjx6p96Pkefks3+aA+72lu1xVehb6mv2yTUUqmSet6Q=",
        "owner": "nixos",
        "repo": "nixpkgs",
        "rev": "1cd347bf3355fce6c64ab37d3967b4a2cb4b878c",
        "type": "github"
      },
      "original": {
        "owner": "nixos",
        "ref": "nixos-25.11",
        "repo": "nixpkgs",
        "type": "github"
      }
    },
    "nixpkgs-unstable": {
      "locked": {
        "lastModified": 1769461804,
        "narHash": "sha256-msG8SU5WsBUfVVa/9RPLaymvi5bI8edTavbIq3vRlhI=",
        "owner": "nixos",
        "repo": "nixpkgs",
        "rev": "bfc1b8a4574108ceef22f02bafcf6611380c100d",
        "type": "github"
      },
      "original": {
        "owner": "nixos",
        "ref": "nixos-unstable",
        "repo": "nixpkgs",
        "type": "github"
      }
    },
    "root": {
      "inputs": {
        "flake-utils": "flake-utils",
        "kernel-benchmarks-nix": "kernel-benchmarks-nix",
        "kernel-firecracker": "kernel-firecracker",
        "kernel-gfp_unmapped": "kernel-gfp_unmapped",
        "nixpkgs": "nixpkgs",
        "nixpkgs-unstable": "nixpkgs-unstable"
      }
    },
    "rust-analyzer-src": {
      "flake": false,
      "locked": {
        "lastModified": 1752428706,
        "narHash": "sha256-EJcdxw3aXfP8Ex1Nm3s0awyH9egQvB2Gu+QEnJn2Sfg=",
        "owner": "rust-lang",
        "repo": "rust-analyzer",
        "rev": "591e3b7624be97e4443ea7b5542c191311aa141d",
        "type": "github"
      },
      "original": {
        "owner": "rust-lang",
        "ref": "nightly",
        "repo": "rust-analyzer",
        "type": "github"
      }
    },
    "systems": {
      "locked": {
        "lastModified": 1681028828,
        "narHash": "sha256-Vy1rq5AaRuLzOxct8nz4T6wlgyUR7zLU309k9mBC768=",
        "owner": "nix-systems",
        "repo": "default",
        "rev": "da67096a3b9bf56a91d16901293e51ba5b49a27e",
        "type": "github"
      },
      "original": {
        "owner": "nix-systems",
        "repo": "default",
        "type": "github"
      }
    },
    "systems_2": {
      "locked": {
        "lastModified": 1681028828,
        "narHash": "sha256-Vy1rq5AaRuLzOxct8nz4T6wlgyUR7zLU309k9mBC768=",
        "owner": "nix-systems",
        "repo": "default",
        "rev": "da67096a3b9bf56a91d16901293e51ba5b49a27e",
        "type": "github"
      },
      "original": {
        "owner": "nix-systems",
        "repo": "default",
        "type": "github"
      }
    },
    "systems_3": {
      "locked": {
        "lastModified": 1681028828,
        "narHash": "sha256-Vy1rq5AaRuLzOxct8nz4T6wlgyUR7zLU309k9mBC768=",
        "owner": "nix-systems",
        "repo": "default",
        "rev": "da67096a3b9bf56a91d16901293e51ba5b49a27e",
        "type": "github"
      },
      "original": {
        "owner": "nix-systems",
        "repo": "default",
        "type": "github"
      }
    }
  },
  "root": "root",
  "version": 7
}
